// !$*UTF8*$!
{
	archiveVersion = 1;
	classes = {
	};
	objectVersion = 50;
	objects = {

/* Begin PBXBuildFile section */
		99429BB5256DB53900100943 /* Buildings.swift in Sources */ = {isa = PBXBuildFile; fileRef = 99429BB4256DB53900100943 /* Buildings.swift */; };
		99429BBA256DB55900100943 /* BuildingDetailController.swift in Sources */ = {isa = PBXBuildFile; fileRef = 99429BB9256DB55900100943 /* BuildingDetailController.swift */; };
		99429BBF256DB56400100943 /* BuildingViewController.swift in Sources */ = {isa = PBXBuildFile; fileRef = 99429BBE256DB56400100943 /* BuildingViewController.swift */; };
		994CEAE0256C63B40054CE9E /* AppDelegate.swift in Sources */ = {isa = PBXBuildFile; fileRef = 994CEADF256C63B40054CE9E /* AppDelegate.swift */; };
		994CEAE2256C63B40054CE9E /* SceneDelegate.swift in Sources */ = {isa = PBXBuildFile; fileRef = 994CEAE1256C63B40054CE9E /* SceneDelegate.swift */; };
		994CEAE4256C63B40054CE9E /* ViewController.swift in Sources */ = {isa = PBXBuildFile; fileRef = 994CEAE3256C63B40054CE9E /* ViewController.swift */; };
		994CEAE7256C63B40054CE9E /* Main.storyboard in Resources */ = {isa = PBXBuildFile; fileRef = 994CEAE5256C63B40054CE9E /* Main.storyboard */; };
		994CEAE9256C63B40054CE9E /* Assets.xcassets in Resources */ = {isa = PBXBuildFile; fileRef = 994CEAE8256C63B40054CE9E /* Assets.xcassets */; };
		994CEAF7256C63B50054CE9E /* UofT_App_2_0Tests.swift in Sources */ = {isa = PBXBuildFile; fileRef = 994CEAF6256C63B50054CE9E /* UofT_App_2_0Tests.swift */; };
		994CEB02256C63B50054CE9E /* UofT_App_2_0UITests.swift in Sources */ = {isa = PBXBuildFile; fileRef = 994CEB01256C63B50054CE9E /* UofT_App_2_0UITests.swift */; };
		994CEB19256C64CD0054CE9E /* Course.swift in Sources */ = {isa = PBXBuildFile; fileRef = 994CEB18256C64CD0054CE9E /* Course.swift */; };
		994CEB1E256C64E60054CE9E /* CourseViewController.swift in Sources */ = {isa = PBXBuildFile; fileRef = 994CEB1D256C64E60054CE9E /* CourseViewController.swift */; };
		994CEB23256C65030054CE9E /* CourseDetailController.swift in Sources */ = {isa = PBXBuildFile; fileRef = 994CEB22256C65030054CE9E /* CourseDetailController.swift */; };
		994CEB28256C652B0054CE9E /* MainNavigationController.swift in Sources */ = {isa = PBXBuildFile; fileRef = 994CEB27256C652B0054CE9E /* MainNavigationController.swift */; };
		994CEB2D256C65360054CE9E /* MainTabBarController.swift in Sources */ = {isa = PBXBuildFile; fileRef = 994CEB2C256C65360054CE9E /* MainTabBarController.swift */; };
		994CEB38256C67040054CE9E /* SearchController.swift in Sources */ = {isa = PBXBuildFile; fileRef = 994CEB37256C67040054CE9E /* SearchController.swift */; };
		994CEB3D256C749E0054CE9E /* TableViewCell.swift in Sources */ = {isa = PBXBuildFile; fileRef = 994CEB3C256C749E0054CE9E /* TableViewCell.swift */; };
/* End PBXBuildFile section */

/* Begin PBXContainerItemProxy section */
		994CEAF3256C63B50054CE9E /* PBXContainerItemProxy */ = {
			isa = PBXContainerItemProxy;
			containerPortal = 994CEAD4256C63B40054CE9E /* Project object */;
			proxyType = 1;
			remoteGlobalIDString = 994CEADB256C63B40054CE9E;
			remoteInfo = "UofT App 2.0";
		};
		994CEAFE256C63B50054CE9E /* PBXContainerItemProxy */ = {
			isa = PBXContainerItemProxy;
			containerPortal = 994CEAD4256C63B40054CE9E /* Project object */;
			proxyType = 1;
			remoteGlobalIDString = 994CEADB256C63B40054CE9E;
			remoteInfo = "UofT App 2.0";
		};
/* End PBXContainerItemProxy section */

/* Begin PBXFileReference section */
		99429BB4256DB53900100943 /* Buildings.swift */ = {isa = PBXFileReference; lastKnownFileType = sourcecode.swift; path = Buildings.swift; sourceTree = "<group>"; };
		99429BB9256DB55900100943 /* BuildingDetailController.swift */ = {isa = PBXFileReference; lastKnownFileType = sourcecode.swift; path = BuildingDetailController.swift; sourceTree = "<group>"; };
		99429BBE256DB56400100943 /* BuildingViewController.swift */ = {isa = PBXFileReference; lastKnownFileType = sourcecode.swift; path = BuildingViewController.swift; sourceTree = "<group>"; };
		994CEADC256C63B40054CE9E /* UofT App 2.0.app */ = {isa = PBXFileReference; explicitFileType = wrapper.application; includeInIndex = 0; path = "UofT App 2.0.app"; sourceTree = BUILT_PRODUCTS_DIR; };
		994CEADF256C63B40054CE9E /* AppDelegate.swift */ = {isa = PBXFileReference; lastKnownFileType = sourcecode.swift; path = AppDelegate.swift; sourceTree = "<group>"; };
		994CEAE1256C63B40054CE9E /* SceneDelegate.swift */ = {isa = PBXFileReference; lastKnownFileType = sourcecode.swift; path = SceneDelegate.swift; sourceTree = "<group>"; };
		994CEAE3256C63B40054CE9E /* ViewController.swift */ = {isa = PBXFileReference; lastKnownFileType = sourcecode.swift; path = ViewController.swift; sourceTree = "<group>"; };
		994CEAE6256C63B40054CE9E /* Base */ = {isa = PBXFileReference; lastKnownFileType = file.storyboard; name = Base; path = Base.lproj/Main.storyboard; sourceTree = "<group>"; };
		994CEAE8256C63B40054CE9E /* Assets.xcassets */ = {isa = PBXFileReference; lastKnownFileType = folder.assetcatalog; path = Assets.xcassets; sourceTree = "<group>"; };
		994CEAED256C63B40054CE9E /* Info.plist */ = {isa = PBXFileReference; lastKnownFileType = text.plist.xml; path = Info.plist; sourceTree = "<group>"; };
		994CEAF2256C63B50054CE9E /* UofT App 2.0Tests.xctest */ = {isa = PBXFileReference; explicitFileType = wrapper.cfbundle; includeInIndex = 0; path = "UofT App 2.0Tests.xctest"; sourceTree = BUILT_PRODUCTS_DIR; };
		994CEAF6256C63B50054CE9E /* UofT_App_2_0Tests.swift */ = {isa = PBXFileReference; lastKnownFileType = sourcecode.swift; path = UofT_App_2_0Tests.swift; sourceTree = "<group>"; };
		994CEAF8256C63B50054CE9E /* Info.plist */ = {isa = PBXFileReference; lastKnownFileType = text.plist.xml; path = Info.plist; sourceTree = "<group>"; };
		994CEAFD256C63B50054CE9E /* UofT App 2.0UITests.xctest */ = {isa = PBXFileReference; explicitFileType = wrapper.cfbundle; includeInIndex = 0; path = "UofT App 2.0UITests.xctest"; sourceTree = BUILT_PRODUCTS_DIR; };
		994CEB01256C63B50054CE9E /* UofT_App_2_0UITests.swift */ = {isa = PBXFileReference; lastKnownFileType = sourcecode.swift; path = UofT_App_2_0UITests.swift; sourceTree = "<group>"; };
		994CEB03256C63B50054CE9E /* Info.plist */ = {isa = PBXFileReference; lastKnownFileType = text.plist.xml; path = Info.plist; sourceTree = "<group>"; };
		994CEB18256C64CD0054CE9E /* Course.swift */ = {isa = PBXFileReference; lastKnownFileType = sourcecode.swift; path = Course.swift; sourceTree = "<group>"; };
		994CEB1D256C64E60054CE9E /* CourseViewController.swift */ = {isa = PBXFileReference; lastKnownFileType = sourcecode.swift; path = CourseViewController.swift; sourceTree = "<group>"; };
		994CEB22256C65030054CE9E /* CourseDetailController.swift */ = {isa = PBXFileReference; lastKnownFileType = sourcecode.swift; path = CourseDetailController.swift; sourceTree = "<group>"; };
		994CEB27256C652B0054CE9E /* MainNavigationController.swift */ = {isa = PBXFileReference; lastKnownFileType = sourcecode.swift; path = MainNavigationController.swift; sourceTree = "<group>"; };
		994CEB2C256C65360054CE9E /* MainTabBarController.swift */ = {isa = PBXFileReference; lastKnownFileType = sourcecode.swift; path = MainTabBarController.swift; sourceTree = "<group>"; };
		994CEB37256C67040054CE9E /* SearchController.swift */ = {isa = PBXFileReference; lastKnownFileType = sourcecode.swift; path = SearchController.swift; sourceTree = "<group>"; };
		994CEB3C256C749E0054CE9E /* TableViewCell.swift */ = {isa = PBXFileReference; lastKnownFileType = sourcecode.swift; path = TableViewCell.swift; sourceTree = "<group>"; };
/* End PBXFileReference section */

/* Begin PBXFrameworksBuildPhase section */
		994CEAD9256C63B40054CE9E /* Frameworks */ = {
			isa = PBXFrameworksBuildPhase;
			buildActionMask = 2147483647;
			files = (
			);
			runOnlyForDeploymentPostprocessing = 0;
		};
		994CEAEF256C63B50054CE9E /* Frameworks */ = {
			isa = PBXFrameworksBuildPhase;
			buildActionMask = 2147483647;
			files = (
			);
			runOnlyForDeploymentPostprocessing = 0;
		};
		994CEAFA256C63B50054CE9E /* Frameworks */ = {
			isa = PBXFrameworksBuildPhase;
			buildActionMask = 2147483647;
			files = (
			);
			runOnlyForDeploymentPostprocessing = 0;
		};
/* End PBXFrameworksBuildPhase section */

/* Begin PBXGroup section */
		994CEAD3256C63B40054CE9E = {
			isa = PBXGroup;
			children = (
				994CEADE256C63B40054CE9E /* UofT App 2.0 */,
				994CEAF5256C63B50054CE9E /* UofT App 2.0Tests */,
				994CEB00256C63B50054CE9E /* UofT App 2.0UITests */,
				994CEADD256C63B40054CE9E /* Products */,
			);
			sourceTree = "<group>";
		};
		994CEADD256C63B40054CE9E /* Products */ = {
			isa = PBXGroup;
			children = (
				994CEADC256C63B40054CE9E /* UofT App 2.0.app */,
				994CEAF2256C63B50054CE9E /* UofT App 2.0Tests.xctest */,
				994CEAFD256C63B50054CE9E /* UofT App 2.0UITests.xctest */,
			);
			name = Products;
			sourceTree = "<group>";
		};
		994CEADE256C63B40054CE9E /* UofT App 2.0 */ = {
			isa = PBXGroup;
			children = (
				994CEADF256C63B40054CE9E /* AppDelegate.swift */,
				994CEAE3256C63B40054CE9E /* ViewController.swift */,
				994CEAE5256C63B40054CE9E /* Main.storyboard */,
				994CEAE8256C63B40054CE9E /* Assets.xcassets */,
				994CEAED256C63B40054CE9E /* Info.plist */,
				994CEAE1256C63B40054CE9E /* SceneDelegate.swift */,
				994CEB37256C67040054CE9E /* SearchController.swift */,
				994CEB2C256C65360054CE9E /* MainTabBarController.swift */,
				994CEB27256C652B0054CE9E /* MainNavigationController.swift */,
				994CEB18256C64CD0054CE9E /* Course.swift */,
				994CEB22256C65030054CE9E /* CourseDetailController.swift */,
				994CEB1D256C64E60054CE9E /* CourseViewController.swift */,
				994CEB3C256C749E0054CE9E /* TableViewCell.swift */,
				99429BB4256DB53900100943 /* Buildings.swift */,
				99429BB9256DB55900100943 /* BuildingDetailController.swift */,
				99429BBE256DB56400100943 /* BuildingViewController.swift */,
			);
			path = "UofT App 2.0";
			sourceTree = "<group>";
		};
		994CEAF5256C63B50054CE9E /* UofT App 2.0Tests */ = {
			isa = PBXGroup;
			children = (
				994CEAF6256C63B50054CE9E /* UofT_App_2_0Tests.swift */,
				994CEAF8256C63B50054CE9E /* Info.plist */,
			);
			path = "UofT App 2.0Tests";
			sourceTree = "<group>";
		};
		994CEB00256C63B50054CE9E /* UofT App 2.0UITests */ = {
			isa = PBXGroup;
			children = (
				994CEB01256C63B50054CE9E /* UofT_App_2_0UITests.swift */,
				994CEB03256C63B50054CE9E /* Info.plist */,
			);
			path = "UofT App 2.0UITests";
			sourceTree = "<group>";
		};
/* End PBXGroup section */

/* Begin PBXNativeTarget section */
		994CEADB256C63B40054CE9E /* UofT App 2.0 */ = {
			isa = PBXNativeTarget;
			buildConfigurationList = 994CEB06256C63B50054CE9E /* Build configuration list for PBXNativeTarget "UofT App 2.0" */;
			buildPhases = (
				994CEAD8256C63B40054CE9E /* Sources */,
				994CEAD9256C63B40054CE9E /* Frameworks */,
				994CEADA256C63B40054CE9E /* Resources */,
			);
			buildRules = (
			);
			dependencies = (
			);
			name = "UofT App 2.0";
			productName = "UofT App 2.0";
			productReference = 994CEADC256C63B40054CE9E /* UofT App 2.0.app */;
			productType = "com.apple.product-type.application";
		};
		994CEAF1256C63B50054CE9E /* UofT App 2.0Tests */ = {
			isa = PBXNativeTarget;
			buildConfigurationList = 994CEB09256C63B50054CE9E /* Build configuration list for PBXNativeTarget "UofT App 2.0Tests" */;
			buildPhases = (
				994CEAEE256C63B50054CE9E /* Sources */,
				994CEAEF256C63B50054CE9E /* Frameworks */,
				994CEAF0256C63B50054CE9E /* Resources */,
			);
			buildRules = (
			);
			dependencies = (
				994CEAF4256C63B50054CE9E /* PBXTargetDependency */,
			);
			name = "UofT App 2.0Tests";
			productName = "UofT App 2.0Tests";
			productReference = 994CEAF2256C63B50054CE9E /* UofT App 2.0Tests.xctest */;
			productType = "com.apple.product-type.bundle.unit-test";
		};
		994CEAFC256C63B50054CE9E /* UofT App 2.0UITests */ = {
			isa = PBXNativeTarget;
			buildConfigurationList = 994CEB0C256C63B50054CE9E /* Build configuration list for PBXNativeTarget "UofT App 2.0UITests" */;
			buildPhases = (
				994CEAF9256C63B50054CE9E /* Sources */,
				994CEAFA256C63B50054CE9E /* Frameworks */,
				994CEAFB256C63B50054CE9E /* Resources */,
			);
			buildRules = (
			);
			dependencies = (
				994CEAFF256C63B50054CE9E /* PBXTargetDependency */,
			);
			name = "UofT App 2.0UITests";
			productName = "UofT App 2.0UITests";
			productReference = 994CEAFD256C63B50054CE9E /* UofT App 2.0UITests.xctest */;
			productType = "com.apple.product-type.bundle.ui-testing";
		};
/* End PBXNativeTarget section */

/* Begin PBXProject section */
		994CEAD4256C63B40054CE9E /* Project object */ = {
			isa = PBXProject;
			attributes = {
				LastSwiftUpdateCheck = 1220;
				LastUpgradeCheck = 1220;
				TargetAttributes = {
					994CEADB256C63B40054CE9E = {
						CreatedOnToolsVersion = 12.2;
					};
					994CEAF1256C63B50054CE9E = {
						CreatedOnToolsVersion = 12.2;
						TestTargetID = 994CEADB256C63B40054CE9E;
					};
					994CEAFC256C63B50054CE9E = {
						CreatedOnToolsVersion = 12.2;
						TestTargetID = 994CEADB256C63B40054CE9E;
					};
				};
			};
			buildConfigurationList = 994CEAD7256C63B40054CE9E /* Build configuration list for PBXProject "UofT App 2.0" */;
			compatibilityVersion = "Xcode 9.3";
			developmentRegion = en;
			hasScannedForEncodings = 0;
			knownRegions = (
				en,
				Base,
			);
			mainGroup = 994CEAD3256C63B40054CE9E;
			productRefGroup = 994CEADD256C63B40054CE9E /* Products */;
			projectDirPath = "";
			projectRoot = "";
			targets = (
				994CEADB256C63B40054CE9E /* UofT App 2.0 */,
				994CEAF1256C63B50054CE9E /* UofT App 2.0Tests */,
				994CEAFC256C63B50054CE9E /* UofT App 2.0UITests */,
			);
		};
/* End PBXProject section */

/* Begin PBXResourcesBuildPhase section */
		994CEADA256C63B40054CE9E /* Resources */ = {
			isa = PBXResourcesBuildPhase;
			buildActionMask = 2147483647;
			files = (
				994CEAE9256C63B40054CE9E /* Assets.xcassets in Resources */,
				994CEAE7256C63B40054CE9E /* Main.storyboard in Resources */,
			);
			runOnlyForDeploymentPostprocessing = 0;
		};
		994CEAF0256C63B50054CE9E /* Resources */ = {
			isa = PBXResourcesBuildPhase;
			buildActionMask = 2147483647;
			files = (
			);
			runOnlyForDeploymentPostprocessing = 0;
		};
		994CEAFB256C63B50054CE9E /* Resources */ = {
			isa = PBXResourcesBuildPhase;
			buildActionMask = 2147483647;
			files = (
			);
			runOnlyForDeploymentPostprocessing = 0;
		};
/* End PBXResourcesBuildPhase section */

/* Begin PBXSourcesBuildPhase section */
		994CEAD8256C63B40054CE9E /* Sources */ = {
			isa = PBXSourcesBuildPhase;
			buildActionMask = 2147483647;
			files = (
				994CEB19256C64CD0054CE9E /* Course.swift in Sources */,
				994CEB2D256C65360054CE9E /* MainTabBarController.swift in Sources */,
				994CEAE4256C63B40054CE9E /* ViewController.swift in Sources */,
				994CEAE0256C63B40054CE9E /* AppDelegate.swift in Sources */,
				994CEB3D256C749E0054CE9E /* TableViewCell.swift in Sources */,
				994CEB1E256C64E60054CE9E /* CourseViewController.swift in Sources */,
				99429BBA256DB55900100943 /* BuildingDetailController.swift in Sources */,
				994CEAE2256C63B40054CE9E /* SceneDelegate.swift in Sources */,
				994CEB28256C652B0054CE9E /* MainNavigationController.swift in Sources */,
				994CEB38256C67040054CE9E /* SearchController.swift in Sources */,
				99429BBF256DB56400100943 /* BuildingViewController.swift in Sources */,
				99429BB5256DB53900100943 /* Buildings.swift in Sources */,
				994CEB23256C65030054CE9E /* CourseDetailController.swift in Sources */,
			);
			runOnlyForDeploymentPostprocessing = 0;
		};
		994CEAEE256C63B50054CE9E /* Sources */ = {
			isa = PBXSourcesBuildPhase;
			buildActionMask = 2147483647;
			files = (
				994CEAF7256C63B50054CE9E /* UofT_App_2_0Tests.swift in Sources */,
			);
			runOnlyForDeploymentPostprocessing = 0;
		};
		994CEAF9256C63B50054CE9E /* Sources */ = {
			isa = PBXSourcesBuildPhase;
			buildActionMask = 2147483647;
			files = (
				994CEB02256C63B50054CE9E /* UofT_App_2_0UITests.swift in Sources */,
			);
			runOnlyForDeploymentPostprocessing = 0;
		};
/* End PBXSourcesBuildPhase section */

/* Begin PBXTargetDependency section */
		994CEAF4256C63B50054CE9E /* PBXTargetDependency */ = {
			isa = PBXTargetDependency;
			target = 994CEADB256C63B40054CE9E /* UofT App 2.0 */;
			targetProxy = 994CEAF3256C63B50054CE9E /* PBXContainerItemProxy */;
		};
		994CEAFF256C63B50054CE9E /* PBXTargetDependency */ = {
			isa = PBXTargetDependency;
			target = 994CEADB256C63B40054CE9E /* UofT App 2.0 */;
			targetProxy = 994CEAFE256C63B50054CE9E /* PBXContainerItemProxy */;
		};
/* End PBXTargetDependency section */

/* Begin PBXVariantGroup section */
		994CEAE5256C63B40054CE9E /* Main.storyboard */ = {
			isa = PBXVariantGroup;
			children = (
				994CEAE6256C63B40054CE9E /* Base */,
			);
			name = Main.storyboard;
			sourceTree = "<group>";
		};
/* End PBXVariantGroup section */

/* Begin XCBuildConfiguration section */
		994CEB04256C63B50054CE9E /* Debug */ = {
			isa = XCBuildConfiguration;
			buildSettings = {
				ALWAYS_SEARCH_USER_PATHS = NO;
				CLANG_ANALYZER_NONNULL = YES;
				CLANG_ANALYZER_NUMBER_OBJECT_CONVERSION = YES_AGGRESSIVE;
				CLANG_CXX_LANGUAGE_STANDARD = "gnu++14";
				CLANG_CXX_LIBRARY = "libc++";
				CLANG_ENABLE_MODULES = YES;
				CLANG_ENABLE_OBJC_ARC = YES;
				CLANG_ENABLE_OBJC_WEAK = YES;
				CLANG_WARN_BLOCK_CAPTURE_AUTORELEASING = YES;
				CLANG_WARN_BOOL_CONVERSION = YES;
				CLANG_WARN_COMMA = YES;
				CLANG_WARN_CONSTANT_CONVERSION = YES;
				CLANG_WARN_DEPRECATED_OBJC_IMPLEMENTATIONS = YES;
				CLANG_WARN_DIRECT_OBJC_ISA_USAGE = YES_ERROR;
				CLANG_WARN_DOCUMENTATION_COMMENTS = YES;
				CLANG_WARN_EMPTY_BODY = YES;
				CLANG_WARN_ENUM_CONVERSION = YES;
				CLANG_WARN_INFINITE_RECURSION = YES;
				CLANG_WARN_INT_CONVERSION = YES;
				CLANG_WARN_NON_LITERAL_NULL_CONVERSION = YES;
				CLANG_WARN_OBJC_IMPLICIT_RETAIN_SELF = YES;
				CLANG_WARN_OBJC_LITERAL_CONVERSION = YES;
				CLANG_WARN_OBJC_ROOT_CLASS = YES_ERROR;
				CLANG_WARN_QUOTED_INCLUDE_IN_FRAMEWORK_HEADER = YES;
				CLANG_WARN_RANGE_LOOP_ANALYSIS = YES;
				CLANG_WARN_STRICT_PROTOTYPES = YES;
				CLANG_WARN_SUSPICIOUS_MOVE = YES;
				CLANG_WARN_UNGUARDED_AVAILABILITY = YES_AGGRESSIVE;
				CLANG_WARN_UNREACHABLE_CODE = YES;
				CLANG_WARN__DUPLICATE_METHOD_MATCH = YES;
				COPY_PHASE_STRIP = NO;
				DEBUG_INFORMATION_FORMAT = dwarf;
				ENABLE_STRICT_OBJC_MSGSEND = YES;
				ENABLE_TESTABILITY = YES;
				GCC_C_LANGUAGE_STANDARD = gnu11;
				GCC_DYNAMIC_NO_PIC = NO;
				GCC_NO_COMMON_BLOCKS = YES;
				GCC_OPTIMIZATION_LEVEL = 0;
				GCC_PREPROCESSOR_DEFINITIONS = (
					"DEBUG=1",
					"$(inherited)",
				);
				GCC_WARN_64_TO_32_BIT_CONVERSION = YES;
				GCC_WARN_ABOUT_RETURN_TYPE = YES_ERROR;
				GCC_WARN_UNDECLARED_SELECTOR = YES;
				GCC_WARN_UNINITIALIZED_AUTOS = YES_AGGRESSIVE;
				GCC_WARN_UNUSED_FUNCTION = YES;
				GCC_WARN_UNUSED_VARIABLE = YES;
				IPHONEOS_DEPLOYMENT_TARGET = 14.0;
				MTL_ENABLE_DEBUG_INFO = INCLUDE_SOURCE;
				MTL_FAST_MATH = YES;
				ONLY_ACTIVE_ARCH = YES;
				SDKROOT = iphoneos;
				SWIFT_ACTIVE_COMPILATION_CONDITIONS = DEBUG;
				SWIFT_OPTIMIZATION_LEVEL = "-Onone";
			};
			name = Debug;
		};
		994CEB05256C63B50054CE9E /* Release */ = {
			isa = XCBuildConfiguration;
			buildSettings = {
				ALWAYS_SEARCH_USER_PATHS = NO;
				CLANG_ANALYZER_NONNULL = YES;
				CLANG_ANALYZER_NUMBER_OBJECT_CONVERSION = YES_AGGRESSIVE;
				CLANG_CXX_LANGUAGE_STANDARD = "gnu++14";
				CLANG_CXX_LIBRARY = "libc++";
				CLANG_ENABLE_MODULES = YES;
				CLANG_ENABLE_OBJC_ARC = YES;
				CLANG_ENABLE_OBJC_WEAK = YES;
				CLANG_WARN_BLOCK_CAPTURE_AUTORELEASING = YES;
				CLANG_WARN_BOOL_CONVERSION = YES;
				CLANG_WARN_COMMA = YES;
				CLANG_WARN_CONSTANT_CONVERSION = YES;
				CLANG_WARN_DEPRECATED_OBJC_IMPLEMENTATIONS = YES;
				CLANG_WARN_DIRECT_OBJC_ISA_USAGE = YES_ERROR;
				CLANG_WARN_DOCUMENTATION_COMMENTS = YES;
				CLANG_WARN_EMPTY_BODY = YES;
				CLANG_WARN_ENUM_CONVERSION = YES;
				CLANG_WARN_INFINITE_RECURSION = YES;
				CLANG_WARN_INT_CONVERSION = YES;
				CLANG_WARN_NON_LITERAL_NULL_CONVERSION = YES;
				CLANG_WARN_OBJC_IMPLICIT_RETAIN_SELF = YES;
				CLANG_WARN_OBJC_LITERAL_CONVERSION = YES;
				CLANG_WARN_OBJC_ROOT_CLASS = YES_ERROR;
				CLANG_WARN_QUOTED_INCLUDE_IN_FRAMEWORK_HEADER = YES;
				CLANG_WARN_RANGE_LOOP_ANALYSIS = YES;
				CLANG_WARN_STRICT_PROTOTYPES = YES;
				CLANG_WARN_SUSPICIOUS_MOVE = YES;
				CLANG_WARN_UNGUARDED_AVAILABILITY = YES_AGGRESSIVE;
				CLANG_WARN_UNREACHABLE_CODE = YES;
				CLANG_WARN__DUPLICATE_METHOD_MATCH = YES;
				COPY_PHASE_STRIP = NO;
				DEBUG_INFORMATION_FORMAT = "dwarf-with-dsym";
				ENABLE_NS_ASSERTIONS = NO;
				ENABLE_STRICT_OBJC_MSGSEND = YES;
				GCC_C_LANGUAGE_STANDARD = gnu11;
				GCC_NO_COMMON_BLOCKS = YES;
				GCC_WARN_64_TO_32_BIT_CONVERSION = YES;
				GCC_WARN_ABOUT_RETURN_TYPE = YES_ERROR;
				GCC_WARN_UNDECLARED_SELECTOR = YES;
				GCC_WARN_UNINITIALIZED_AUTOS = YES_AGGRESSIVE;
				GCC_WARN_UNUSED_FUNCTION = YES;
				GCC_WARN_UNUSED_VARIABLE = YES;
				IPHONEOS_DEPLOYMENT_TARGET = 14.0;
				MTL_ENABLE_DEBUG_INFO = NO;
				MTL_FAST_MATH = YES;
				SDKROOT = iphoneos;
				SWIFT_COMPILATION_MODE = wholemodule;
				SWIFT_OPTIMIZATION_LEVEL = "-O";
				VALIDATE_PRODUCT = YES;
			};
			name = Release;
		};
		994CEB07256C63B50054CE9E /* Debug */ = {
			isa = XCBuildConfiguration;
			buildSettings = {
				ASSETCATALOG_COMPILER_APPICON_NAME = AppIcon;
				ASSETCATALOG_COMPILER_GLOBAL_ACCENT_COLOR_NAME = AccentColor;
				CODE_SIGN_STYLE = Automatic;
				DEVELOPMENT_TEAM = 8V5346TM2U;
				INFOPLIST_FILE = "UofT App 2.0/Info.plist";
				LD_RUNPATH_SEARCH_PATHS = (
					"$(inherited)",
					"@executable_path/Frameworks",
				);
				PRODUCT_BUNDLE_IDENTIFIER = "dannyvo.UofT-App-2-0";
				PRODUCT_NAME = "$(TARGET_NAME)";
				SWIFT_VERSION = 5.0;
				TARGETED_DEVICE_FAMILY = "1,2";
			};
			name = Debug;
		};
		994CEB08256C63B50054CE9E /* Release */ = {
			isa = XCBuildConfiguration;
			buildSettings = {
				ASSETCATALOG_COMPILER_APPICON_NAME = AppIcon;
				ASSETCATALOG_COMPILER_GLOBAL_ACCENT_COLOR_NAME = AccentColor;
				CODE_SIGN_STYLE = Automatic;
				DEVELOPMENT_TEAM = 8V5346TM2U;
				INFOPLIST_FILE = "UofT App 2.0/Info.plist";
				LD_RUNPATH_SEARCH_PATHS = (
					"$(inherited)",
					"@executable_path/Frameworks",
				);
				PRODUCT_BUNDLE_IDENTIFIER = "dannyvo.UofT-App-2-0";
				PRODUCT_NAME = "$(TARGET_NAME)";
				SWIFT_VERSION = 5.0;
				TARGETED_DEVICE_FAMILY = "1,2";
			};
			name = Release;
		};
		994CEB0A256C63B50054CE9E /* Debug */ = {
			isa = XCBuildConfiguration;
			buildSettings = {
				ALWAYS_EMBED_SWIFT_STANDARD_LIBRARIES = YES;
				BUNDLE_LOADER = "$(TEST_HOST)";
				CODE_SIGN_STYLE = Automatic;
				DEVELOPMENT_TEAM = 8V5346TM2U;
				INFOPLIST_FILE = "UofT App 2.0Tests/Info.plist";
				IPHONEOS_DEPLOYMENT_TARGET = 14.2;
				LD_RUNPATH_SEARCH_PATHS = (
					"$(inherited)",
					"@executable_path/Frameworks",
					"@loader_path/Frameworks",
				);
				PRODUCT_BUNDLE_IDENTIFIER = "dannyvo.UofT-App-2-0Tests";
				PRODUCT_NAME = "$(TARGET_NAME)";
				SWIFT_VERSION = 5.0;
				TARGETED_DEVICE_FAMILY = "1,2";
				TEST_HOST = "$(BUILT_PRODUCTS_DIR)/UofT App 2.0.app/UofT App 2.0";
			};
			name = Debug;
		};
		994CEB0B256C63B50054CE9E /* Release */ = {
			isa = XCBuildConfiguration;
			buildSettings = {
				ALWAYS_EMBED_SWIFT_STANDARD_LIBRARIES = YES;
				BUNDLE_LOADER = "$(TEST_HOST)";
				CODE_SIGN_STYLE = Automatic;
				DEVELOPMENT_TEAM = 8V5346TM2U;
				INFOPLIST_FILE = "UofT App 2.0Tests/Info.plist";
				IPHONEOS_DEPLOYMENT_TARGET = 14.2;
				LD_RUNPATH_SEARCH_PATHS = (
					"$(inherited)",
					"@executable_path/Frameworks",
					"@loader_path/Frameworks",
				);
				PRODUCT_BUNDLE_IDENTIFIER = "dannyvo.UofT-App-2-0Tests";
				PRODUCT_NAME = "$(TARGET_NAME)";
				SWIFT_VERSION = 5.0;
				TARGETED_DEVICE_FAMILY = "1,2";
				TEST_HOST = "$(BUILT_PRODUCTS_DIR)/UofT App 2.0.app/UofT App 2.0";
			};
			name = Release;
		};
		994CEB0D256C63B50054CE9E /* Debug */ = {
			isa = XCBuildConfiguration;
			buildSettings = {
				ALWAYS_EMBED_SWIFT_STANDARD_LIBRARIES = YES;
				CODE_SIGN_STYLE = Automatic;
				DEVELOPMENT_TEAM = 8V5346TM2U;
				INFOPLIST_FILE = "UofT App 2.0UITests/Info.plist";
				LD_RUNPATH_SEARCH_PATHS = (
					"$(inherited)",
					"@executable_path/Frameworks",
					"@loader_path/Frameworks",
				);
				PRODUCT_BUNDLE_IDENTIFIER = "dannyvo.UofT-App-2-0UITests";
				PRODUCT_NAME = "$(TARGET_NAME)";
				SWIFT_VERSION = 5.0;
				TARGETED_DEVICE_FAMILY = "1,2";
				TEST_TARGET_NAME = "UofT App 2.0";
			};
			name = Debug;
		};
		994CEB0E256C63B50054CE9E /* Release */ = {
			isa = XCBuildConfiguration;
			buildSettings = {
				ALWAYS_EMBED_SWIFT_STANDARD_LIBRARIES = YES;
				CODE_SIGN_STYLE = Automatic;
				DEVELOPMENT_TEAM = 8V5346TM2U;
				INFOPLIST_FILE = "UofT App 2.0UITests/Info.plist";
				LD_RUNPATH_SEARCH_PATHS = (
					"$(inherited)",
					"@executable_path/Frameworks",
					"@loader_path/Frameworks",
				);
				PRODUCT_BUNDLE_IDENTIFIER = "dannyvo.UofT-App-2-0UITests";
				PRODUCT_NAME = "$(TARGET_NAME)";
				SWIFT_VERSION = 5.0;
				TARGETED_DEVICE_FAMILY = "1,2";
				TEST_TARGET_NAME = "UofT App 2.0";
			};
			name = Release;
		};
/* End XCBuildConfiguration section */

/* Begin XCConfigurationList section */
		994CEAD7256C63B40054CE9E /* Build configuration list for PBXProject "UofT App 2.0" */ = {
			isa = XCConfigurationList;
			buildConfigurations = (
				994CEB04256C63B50054CE9E /* Debug */,
				994CEB05256C63B50054CE9E /* Release */,
			);
			defaultConfigurationIsVisible = 0;
			defaultConfigurationName = Release;
		};
		994CEB06256C63B50054CE9E /* Build configuration list for PBXNativeTarget "UofT App 2.0" */ = {
			isa = XCConfigurationList;
			buildConfigurations = (
				994CEB07256C63B50054CE9E /* Debug */,
				994CEB08256C63B50054CE9E /* Release */,
			);
			defaultConfigurationIsVisible = 0;
			defaultConfigurationName = Release;
		};
		994CEB09256C63B50054CE9E /* Build configuration list for PBXNativeTarget "UofT App 2.0Tests" */ = {
			isa = XCConfigurationList;
			buildConfigurations = (
				994CEB0A256C63B50054CE9E /* Debug */,
				994CEB0B256C63B50054CE9E /* Release */,
			);
			defaultConfigurationIsVisible = 0;
			defaultConfigurationName = Release;
		};
		994CEB0C256C63B50054CE9E /* Build configuration list for PBXNativeTarget "UofT App 2.0UITests" */ = {
			isa = XCConfigurationList;
			buildConfigurations = (
				994CEB0D256C63B50054CE9E /* Debug */,
				994CEB0E256C63B50054CE9E /* Release */,
			);
			defaultConfigurationIsVisible = 0;
			defaultConfigurationName = Release;
		};
/* End XCConfigurationList section */
	};
	rootObject = 994CEAD4256C63B40054CE9E /* Project object */;
}
